
Microsoft Visual Studio Solution File, Format Version 12.00
# Visual Studio 2013
VisualStudioVersion = 12.0.21005.1
MinimumVisualStudioVersion = 10.0.40219.1
Project("{FAE04EC0-301F-11D3-BF4B-00C04F79EFBC}") = "Timetable.Optimization", "Timetable.Optimization\Timetable.Optimization.csproj", "{A1FD1CA5-1775-4D07-8B4C-9C086BE1E8B4}"
EndProject
Project("{2150E333-8FDC-42A3-9474-1A3956D46DE8}") = "Optimization", "Optimization", "{D6961118-D1AD-4E55-BCC1-7A7358656F86}"
EndProject
Project("{FAE04EC0-301F-11D3-BF4B-00C04F79EFBC}") = "Timetable.Optimization.Workbench", "Timetable.Optimization.Workbench\Timetable.Optimization.Workbench.csproj", "{C267765E-BD76-4452-801F-5667BD45C037}"
EndProject
Project("{2150E333-8FDC-42A3-9474-1A3956D46DE8}") = "Tests", "Tests", "{17D0C657-480A-4D09-9E11-17A4DF2F838B}"
EndProject
Project("{FAE04EC0-301F-11D3-BF4B-00C04F79EFBC}") = "Timetable.Sync", "Timetable.Sync\Timetable.Sync.csproj", "{E1CB8FAD-0AA8-4DD9-9AD6-E17971AD67C4}"
EndProject
Project("{2150E333-8FDC-42A3-9474-1A3956D46DE8}") = "Sync", "Sync", "{A09D1168-4BA8-49C4-8AF3-7125F569C653}"
EndProject
Project("{FAE04EC0-301F-11D3-BF4B-00C04F79EFBC}") = "Timetable.Sync.Dispatcher", "Timetable.Sync.Toolkit\Timetable.Sync.Dispatcher.csproj", "{FD2AD465-C3D3-4B3F-866C-8BD1DBC71B28}"
EndProject
Project("{2150E333-8FDC-42A3-9474-1A3956D46DE8}") = "Data", "Data", "{3AA3945F-D105-4A1B-9D9B-E72CDAF95DA3}"
EndProject
Project("{FAE04EC0-301F-11D3-BF4B-00C04F79EFBC}") = "Metaheuristics", "Metaheuristics\Metaheuristics.csproj", "{39FB6228-31CB-4332-9006-34D4E2C4D1D6}"
EndProject
Project("{FAE04EC0-301F-11D3-BF4B-00C04F79EFBC}") = "Timetable.Site", "Timetable.Site\Timetable.Site.csproj", "{4D7D6CF6-67E6-4192-800C-0CD43A0A63F1}"
EndProject
Project("{FAE04EC0-301F-11D3-BF4B-00C04F79EFBC}") = "Timetable.Sync.Logic", "Timetable.Sync.Logic\Timetable.Sync.Logic.csproj", "{B8F9774C-3F0E-4A9E-9E73-8DF018CE46E8}"
EndProject
Project("{FAE04EC0-301F-11D3-BF4B-00C04F79EFBC}") = "Timetable.Logic", "Timetable.Logic\Timetable.Logic.csproj", "{11E24419-DB82-41B8-80F6-B0F4398B7D45}"
EndProject
Project("{2150E333-8FDC-42A3-9474-1A3956D46DE8}") = "Clients", "Clients", "{629F5940-4F70-4BA7-8FFD-6A1635FCFC8E}"
EndProject
Project("{FAE04EC0-301F-11D3-BF4B-00C04F79EFBC}") = "Timetable.Data", "Data\Timetable.Data\Timetable.Data.csproj", "{562EAD51-A27A-47DE-9CF6-554D0D793FB3}"
EndProject
Project("{FAE04EC0-301F-11D3-BF4B-00C04F79EFBC}") = "Timetable.Data.IIAS", "Data\Timetable.Data.IIAS\Timetable.Data.IIAS.csproj", "{711E2BB6-2FDC-4B03-AA42-A0A3F49B88E0}"
EndProject
Global
	GlobalSection(SolutionConfigurationPlatforms) = preSolution
		Debug|Any CPU = Debug|Any CPU
		Release|Any CPU = Release|Any CPU
	EndGlobalSection
	GlobalSection(ProjectConfigurationPlatforms) = postSolution
		{A1FD1CA5-1775-4D07-8B4C-9C086BE1E8B4}.Debug|Any CPU.ActiveCfg = Debug|Any CPU
		{A1FD1CA5-1775-4D07-8B4C-9C086BE1E8B4}.Debug|Any CPU.Build.0 = Debug|Any CPU
		{A1FD1CA5-1775-4D07-8B4C-9C086BE1E8B4}.Release|Any CPU.ActiveCfg = Release|Any CPU
		{A1FD1CA5-1775-4D07-8B4C-9C086BE1E8B4}.Release|Any CPU.Build.0 = Release|Any CPU
		{C267765E-BD76-4452-801F-5667BD45C037}.Debug|Any CPU.ActiveCfg = Debug|Any CPU
		{C267765E-BD76-4452-801F-5667BD45C037}.Debug|Any CPU.Build.0 = Debug|Any CPU
		{C267765E-BD76-4452-801F-5667BD45C037}.Release|Any CPU.ActiveCfg = Release|Any CPU
		{C267765E-BD76-4452-801F-5667BD45C037}.Release|Any CPU.Build.0 = Release|Any CPU
		{E1CB8FAD-0AA8-4DD9-9AD6-E17971AD67C4}.Debug|Any CPU.ActiveCfg = Debug|Any CPU
		{E1CB8FAD-0AA8-4DD9-9AD6-E17971AD67C4}.Debug|Any CPU.Build.0 = Debug|Any CPU
		{E1CB8FAD-0AA8-4DD9-9AD6-E17971AD67C4}.Release|Any CPU.ActiveCfg = Release|Any CPU
		{E1CB8FAD-0AA8-4DD9-9AD6-E17971AD67C4}.Release|Any CPU.Build.0 = Release|Any CPU
		{FD2AD465-C3D3-4B3F-866C-8BD1DBC71B28}.Debug|Any CPU.ActiveCfg = Debug|Any CPU
		{FD2AD465-C3D3-4B3F-866C-8BD1DBC71B28}.Debug|Any CPU.Build.0 = Debug|Any CPU
		{FD2AD465-C3D3-4B3F-866C-8BD1DBC71B28}.Release|Any CPU.ActiveCfg = Release|Any CPU
		{FD2AD465-C3D3-4B3F-866C-8BD1DBC71B28}.Release|Any CPU.Build.0 = Release|Any CPU
		{39FB6228-31CB-4332-9006-34D4E2C4D1D6}.Debug|Any CPU.ActiveCfg = Debug|Any CPU
		{39FB6228-31CB-4332-9006-34D4E2C4D1D6}.Debug|Any CPU.Build.0 = Debug|Any CPU
		{39FB6228-31CB-4332-9006-34D4E2C4D1D6}.Release|Any CPU.ActiveCfg = Release|Any CPU
		{39FB6228-31CB-4332-9006-34D4E2C4D1D6}.Release|Any CPU.Build.0 = Release|Any CPU
		{4D7D6CF6-67E6-4192-800C-0CD43A0A63F1}.Debug|Any CPU.ActiveCfg = Debug|Any CPU
		{4D7D6CF6-67E6-4192-800C-0CD43A0A63F1}.Debug|Any CPU.Build.0 = Debug|Any CPU
		{4D7D6CF6-67E6-4192-800C-0CD43A0A63F1}.Release|Any CPU.ActiveCfg = Release|Any CPU
		{4D7D6CF6-67E6-4192-800C-0CD43A0A63F1}.Release|Any CPU.Build.0 = Release|Any CPU
		{B8F9774C-3F0E-4A9E-9E73-8DF018CE46E8}.Debug|Any CPU.ActiveCfg = Debug|Any CPU
		{B8F9774C-3F0E-4A9E-9E73-8DF018CE46E8}.Debug|Any CPU.Build.0 = Debug|Any CPU
		{B8F9774C-3F0E-4A9E-9E73-8DF018CE46E8}.Release|Any CPU.ActiveCfg = Release|Any CPU
		{B8F9774C-3F0E-4A9E-9E73-8DF018CE46E8}.Release|Any CPU.Build.0 = Release|Any CPU
		{11E24419-DB82-41B8-80F6-B0F4398B7D45}.Debug|Any CPU.ActiveCfg = Debug|Any CPU
		{11E24419-DB82-41B8-80F6-B0F4398B7D45}.Debug|Any CPU.Build.0 = Debug|Any CPU
		{11E24419-DB82-41B8-80F6-B0F4398B7D45}.Release|Any CPU.ActiveCfg = Release|Any CPU
		{11E24419-DB82-41B8-80F6-B0F4398B7D45}.Release|Any CPU.Build.0 = Release|Any CPU
		{562EAD51-A27A-47DE-9CF6-554D0D793FB3}.Debug|Any CPU.ActiveCfg = Debug|Any CPU
		{562EAD51-A27A-47DE-9CF6-554D0D793FB3}.Debug|Any CPU.Build.0 = Debug|Any CPU
		{562EAD51-A27A-47DE-9CF6-554D0D793FB3}.Release|Any CPU.ActiveCfg = Release|Any CPU
		{562EAD51-A27A-47DE-9CF6-554D0D793FB3}.Release|Any CPU.Build.0 = Release|Any CPU
		{711E2BB6-2FDC-4B03-AA42-A0A3F49B88E0}.Debug|Any CPU.ActiveCfg = Debug|Any CPU
		{711E2BB6-2FDC-4B03-AA42-A0A3F49B88E0}.Debug|Any CPU.Build.0 = Debug|Any CPU
		{711E2BB6-2FDC-4B03-AA42-A0A3F49B88E0}.Release|Any CPU.ActiveCfg = Release|Any CPU
		{711E2BB6-2FDC-4B03-AA42-A0A3F49B88E0}.Release|Any CPU.Build.0 = Release|Any CPU
	EndGlobalSection
	GlobalSection(SolutionProperties) = preSolution
		HideSolutionNode = FALSE
	EndGlobalSection
	GlobalSection(NestedProjects) = preSolution
		{A1FD1CA5-1775-4D07-8B4C-9C086BE1E8B4} = {D6961118-D1AD-4E55-BCC1-7A7358656F86}
		{C267765E-BD76-4452-801F-5667BD45C037} = {D6961118-D1AD-4E55-BCC1-7A7358656F86}
		{39FB6228-31CB-4332-9006-34D4E2C4D1D6} = {D6961118-D1AD-4E55-BCC1-7A7358656F86}
		{E1CB8FAD-0AA8-4DD9-9AD6-E17971AD67C4} = {A09D1168-4BA8-49C4-8AF3-7125F569C653}
		{FD2AD465-C3D3-4B3F-866C-8BD1DBC71B28} = {A09D1168-4BA8-49C4-8AF3-7125F569C653}
		{B8F9774C-3F0E-4A9E-9E73-8DF018CE46E8} = {A09D1168-4BA8-49C4-8AF3-7125F569C653}
		{562EAD51-A27A-47DE-9CF6-554D0D793FB3} = {3AA3945F-D105-4A1B-9D9B-E72CDAF95DA3}
		{711E2BB6-2FDC-4B03-AA42-A0A3F49B88E0} = {3AA3945F-D105-4A1B-9D9B-E72CDAF95DA3}
		{4D7D6CF6-67E6-4192-800C-0CD43A0A63F1} = {629F5940-4F70-4BA7-8FFD-6A1635FCFC8E}
	EndGlobalSection
EndGlobal
