
Microsoft Visual Studio Solution File, Format Version 12.00
# Visual Studio 2012
Project("{FAE04EC0-301F-11D3-BF4B-00C04F79EFBC}") = "Timetable.Base", "Timetable.Base\Timetable.Base.csproj", "{ABDB4F76-D271-433B-AB27-C8ED9CE1DF84}"
EndProject
Project("{FAE04EC0-301F-11D3-BF4B-00C04F79EFBC}") = "Timetable.Host", "Timetable.Host\Timetable.Host.csproj", "{779ABE6E-1C0E-4E8A-8ED7-3CC94D716460}"
EndProject
Project("{FAE04EC0-301F-11D3-BF4B-00C04F79EFBC}") = "Timetable.Optimization", "Timetable.Optimization\Timetable.Optimization.csproj", "{A1FD1CA5-1775-4D07-8B4C-9C086BE1E8B4}"
EndProject
Project("{2150E333-8FDC-42A3-9474-1A3956D46DE8}") = "Optimization", "Optimization", "{D6961118-D1AD-4E55-BCC1-7A7358656F86}"
EndProject
Project("{FAE04EC0-301F-11D3-BF4B-00C04F79EFBC}") = "Timetable.Optimization.Workbench", "Timetable.Optimization.Workbench\Timetable.Optimization.Workbench.csproj", "{C267765E-BD76-4452-801F-5667BD45C037}"
EndProject
Project("{FAE04EC0-301F-11D3-BF4B-00C04F79EFBC}") = "Timetablle.Host.Tests", "Scheduler.Tests\Timetablle.Host.Tests.csproj", "{72326F74-2554-4BED-8867-9FCC1B397633}"
	ProjectSection(ProjectDependencies) = postProject
		{779ABE6E-1C0E-4E8A-8ED7-3CC94D716460} = {779ABE6E-1C0E-4E8A-8ED7-3CC94D716460}
	EndProjectSection
EndProject
Project("{2150E333-8FDC-42A3-9474-1A3956D46DE8}") = "Tests", "Tests", "{17D0C657-480A-4D09-9E11-17A4DF2F838B}"
EndProject
Project("{FAE04EC0-301F-11D3-BF4B-00C04F79EFBC}") = "Timetable.Sync", "Timetable.Sync\Timetable.Sync.csproj", "{E1CB8FAD-0AA8-4DD9-9AD6-E17971AD67C4}"
EndProject
Project("{FAE04EC0-301F-11D3-BF4B-00C04F79EFBC}") = "Timetable.Data", "Timetable.Data\Timetable.Data.csproj", "{562EAD51-A27A-47DE-9CF6-554D0D793FB3}"
EndProject
Project("{2150E333-8FDC-42A3-9474-1A3956D46DE8}") = "Sync", "Sync", "{A09D1168-4BA8-49C4-8AF3-7125F569C653}"
EndProject
Project("{FAE04EC0-301F-11D3-BF4B-00C04F79EFBC}") = "Timetable.Sync.Toolkit", "Timetable.Sync.Toolkit\Timetable.Sync.Toolkit.csproj", "{FD2AD465-C3D3-4B3F-866C-8BD1DBC71B28}"
EndProject
Global
	GlobalSection(SolutionConfigurationPlatforms) = preSolution
		Debug|Any CPU = Debug|Any CPU
		Release|Any CPU = Release|Any CPU
	EndGlobalSection
	GlobalSection(ProjectConfigurationPlatforms) = postSolution
		{ABDB4F76-D271-433B-AB27-C8ED9CE1DF84}.Debug|Any CPU.ActiveCfg = Debug|Any CPU
		{ABDB4F76-D271-433B-AB27-C8ED9CE1DF84}.Debug|Any CPU.Build.0 = Debug|Any CPU
		{ABDB4F76-D271-433B-AB27-C8ED9CE1DF84}.Release|Any CPU.ActiveCfg = Release|Any CPU
		{ABDB4F76-D271-433B-AB27-C8ED9CE1DF84}.Release|Any CPU.Build.0 = Release|Any CPU
		{779ABE6E-1C0E-4E8A-8ED7-3CC94D716460}.Debug|Any CPU.ActiveCfg = Debug|Any CPU
		{779ABE6E-1C0E-4E8A-8ED7-3CC94D716460}.Debug|Any CPU.Build.0 = Debug|Any CPU
		{779ABE6E-1C0E-4E8A-8ED7-3CC94D716460}.Release|Any CPU.ActiveCfg = Release|Any CPU
		{779ABE6E-1C0E-4E8A-8ED7-3CC94D716460}.Release|Any CPU.Build.0 = Release|Any CPU
		{A1FD1CA5-1775-4D07-8B4C-9C086BE1E8B4}.Debug|Any CPU.ActiveCfg = Debug|Any CPU
		{A1FD1CA5-1775-4D07-8B4C-9C086BE1E8B4}.Debug|Any CPU.Build.0 = Debug|Any CPU
		{A1FD1CA5-1775-4D07-8B4C-9C086BE1E8B4}.Release|Any CPU.ActiveCfg = Release|Any CPU
		{A1FD1CA5-1775-4D07-8B4C-9C086BE1E8B4}.Release|Any CPU.Build.0 = Release|Any CPU
		{C267765E-BD76-4452-801F-5667BD45C037}.Debug|Any CPU.ActiveCfg = Debug|Any CPU
		{C267765E-BD76-4452-801F-5667BD45C037}.Debug|Any CPU.Build.0 = Debug|Any CPU
		{C267765E-BD76-4452-801F-5667BD45C037}.Release|Any CPU.ActiveCfg = Release|Any CPU
		{C267765E-BD76-4452-801F-5667BD45C037}.Release|Any CPU.Build.0 = Release|Any CPU
		{72326F74-2554-4BED-8867-9FCC1B397633}.Debug|Any CPU.ActiveCfg = Debug|Any CPU
		{72326F74-2554-4BED-8867-9FCC1B397633}.Debug|Any CPU.Build.0 = Debug|Any CPU
		{72326F74-2554-4BED-8867-9FCC1B397633}.Release|Any CPU.ActiveCfg = Release|Any CPU
		{72326F74-2554-4BED-8867-9FCC1B397633}.Release|Any CPU.Build.0 = Release|Any CPU
		{E1CB8FAD-0AA8-4DD9-9AD6-E17971AD67C4}.Debug|Any CPU.ActiveCfg = Debug|Any CPU
		{E1CB8FAD-0AA8-4DD9-9AD6-E17971AD67C4}.Debug|Any CPU.Build.0 = Debug|Any CPU
		{E1CB8FAD-0AA8-4DD9-9AD6-E17971AD67C4}.Release|Any CPU.ActiveCfg = Release|Any CPU
		{E1CB8FAD-0AA8-4DD9-9AD6-E17971AD67C4}.Release|Any CPU.Build.0 = Release|Any CPU
		{562EAD51-A27A-47DE-9CF6-554D0D793FB3}.Debug|Any CPU.ActiveCfg = Debug|Any CPU
		{562EAD51-A27A-47DE-9CF6-554D0D793FB3}.Debug|Any CPU.Build.0 = Debug|Any CPU
		{562EAD51-A27A-47DE-9CF6-554D0D793FB3}.Release|Any CPU.ActiveCfg = Release|Any CPU
		{562EAD51-A27A-47DE-9CF6-554D0D793FB3}.Release|Any CPU.Build.0 = Release|Any CPU
		{FD2AD465-C3D3-4B3F-866C-8BD1DBC71B28}.Debug|Any CPU.ActiveCfg = Debug|Any CPU
		{FD2AD465-C3D3-4B3F-866C-8BD1DBC71B28}.Debug|Any CPU.Build.0 = Debug|Any CPU
		{FD2AD465-C3D3-4B3F-866C-8BD1DBC71B28}.Release|Any CPU.ActiveCfg = Release|Any CPU
		{FD2AD465-C3D3-4B3F-866C-8BD1DBC71B28}.Release|Any CPU.Build.0 = Release|Any CPU
	EndGlobalSection
	GlobalSection(SolutionProperties) = preSolution
		HideSolutionNode = FALSE
	EndGlobalSection
	GlobalSection(NestedProjects) = preSolution
		{A1FD1CA5-1775-4D07-8B4C-9C086BE1E8B4} = {D6961118-D1AD-4E55-BCC1-7A7358656F86}
		{C267765E-BD76-4452-801F-5667BD45C037} = {D6961118-D1AD-4E55-BCC1-7A7358656F86}
		{72326F74-2554-4BED-8867-9FCC1B397633} = {17D0C657-480A-4D09-9E11-17A4DF2F838B}
		{E1CB8FAD-0AA8-4DD9-9AD6-E17971AD67C4} = {A09D1168-4BA8-49C4-8AF3-7125F569C653}
		{FD2AD465-C3D3-4B3F-866C-8BD1DBC71B28} = {A09D1168-4BA8-49C4-8AF3-7125F569C653}
	EndGlobalSection
EndGlobal
