
Microsoft Visual Studio Solution File, Format Version 12.00
# Visual Studio 2013
VisualStudioVersion = 12.0.21005.1
MinimumVisualStudioVersion = 10.0.40219.1
Project("{FAE04EC0-301F-11D3-BF4B-00C04F79EFBC}") = "Timetable.Site", "Timetable.Site\Timetable.Site.csproj", "{4D7D6CF6-67E6-4192-800C-0CD43A0A63F1}"
EndProject
Project("{FAE04EC0-301F-11D3-BF4B-00C04F79EFBC}") = "Timetable.Site.Tests", "Timetable.Site.Tests\Timetable.Site.Tests.csproj", "{92810C92-373E-429A-A1C0-142E6CD68A8F}"
EndProject
Global
	GlobalSection(SolutionConfigurationPlatforms) = preSolution
		Debug|Any CPU = Debug|Any CPU
		Release|Any CPU = Release|Any CPU
	EndGlobalSection
	GlobalSection(ProjectConfigurationPlatforms) = postSolution
		{4D7D6CF6-67E6-4192-800C-0CD43A0A63F1}.Debug|Any CPU.ActiveCfg = Debug|Any CPU
		{4D7D6CF6-67E6-4192-800C-0CD43A0A63F1}.Debug|Any CPU.Build.0 = Debug|Any CPU
		{4D7D6CF6-67E6-4192-800C-0CD43A0A63F1}.Release|Any CPU.ActiveCfg = Release|Any CPU
		{4D7D6CF6-67E6-4192-800C-0CD43A0A63F1}.Release|Any CPU.Build.0 = Release|Any CPU
		{92810C92-373E-429A-A1C0-142E6CD68A8F}.Debug|Any CPU.ActiveCfg = Debug|Any CPU
		{92810C92-373E-429A-A1C0-142E6CD68A8F}.Debug|Any CPU.Build.0 = Debug|Any CPU
		{92810C92-373E-429A-A1C0-142E6CD68A8F}.Release|Any CPU.ActiveCfg = Release|Any CPU
		{92810C92-373E-429A-A1C0-142E6CD68A8F}.Release|Any CPU.Build.0 = Release|Any CPU
	EndGlobalSection
	GlobalSection(SolutionProperties) = preSolution
		HideSolutionNode = FALSE
	EndGlobalSection
	GlobalSection(TestCaseManagementSettings) = postSolution
		CategoryFile = PetrSU.Timetable.vsmdi
	EndGlobalSection
EndGlobal
